github.com/aws/aws-sdk-go-v2 v1.43.5 h1:yKT5GYnFWhuDo+DqKvE5ZPwVn3RjC4MAeBtZGlh6AVM=
github.com/aws/aws-sdk-go-v2 v1.43.5/go.mod h1:wZjAJppCntyOGgVSmgVTfDyRJK5PHOasO6Wsy8U7Axk=
github.com/aws/aws-sdk-go-v2/aws/protocol/eventstream v1.7.17 h1:mn+Vxb9zgz/FE/yDTcFim3DZ1qpcrxR+qBQkBrl6bzA=
github.com/aws/aws-sdk-go-v2/aws/protocol/eventstream v1.7.17/go.mod h1:eDfmEFxu+BSVsUGLbzJhWjpOurv1mqczClS97yI8wdk=
github.com/aws/aws-sdk-go-v2/config v1.32.36 h1:mX6ietU7UlB4w/2IUaexJdsyUDvhTd+jYPjVePiyi6s=
github.com/aws/aws-sdk-go-v2/config v1.32.36/go.mod h1:rMpV4xk7ZK59edraSaHP0jsWrztWTT5tbCwWY495hug=
github.com/aws/aws-sdk-go-v2/credentials v1.19.35 h1:Cxua2RVdRwL0sfjHM/SnQoOnQ7xKng9m5EQBO8BnZlg=
github.com/aws/aws-sdk-go-v2/credentials v1.19.35/go.mod h1:9XQ+RSIGPkycr+oCJYnB1uTv5kMVVR+rd2vYK0Hxj2w=
github.com/aws/aws-sdk-go-v2/feature/ec2/imds v1.18.36 h1:gucL1KH/PAYbpTpBg09CiVpBdTu4qkCl8C7xOTBixUg=
github.com/aws/aws-sdk-go-v2/feature/ec2/imds v1.18.36/go.mod h1:usTB+PHhNMhrx2dxUeHcM7OrT5pySvmjYI++IsefPN0=
github.com/aws/aws-sdk-go-v2/internal/configsources v1.4.36 h1:5CrzwxDqf4w3x1Vs3/NiZ0nsC34Hbm3pIDMWbsLebOE=
github.com/aws/aws-sdk-go-v2/internal/configsources v1.4.36/go.mod h1:A3gHdKZIvG/QXERzZwcxNS3RNDFcRCuhhTFBYp+V/nw=
github.com/aws/aws-sdk-go-v2/internal/endpoints/v2 v2.7.36 h1:A4N2f4YPcST0v+dWtX+xrpPPCL9VTBhoIFFUWYqbacE=
github.com/aws/aws-sdk-go-v2/internal/endpoints/v2 v2.7.36/go.mod h1:B/Qr859uxWUEfZeGotK5KAEoof4Q9YWgNtPSwV6jcyk=
github.com/aws/aws-sdk-go-v2/internal/v4a v1.4.37 h1:oyd3ke4V9AhKcRR7rRgxk1VyI+DjK2CBQtbxh3OkdaA=
github.com/aws/aws-sdk-go-v2/internal/v4a v1.4.37/go.mod h1:aA9D7SqfG9IC1b7FLD7Iyc8Q4JN0a8gHhNjN4zPlIaI=
github.com/aws/aws-sdk-go-v2/service/bedrockagentcore v1.37.1 h1:FAciTTBMVrtU7BtKXSrf+7CnAf9MQUBZxs5dWJ1Gev8=
github.com/aws/aws-sdk-go-v2/service/bedrockagentcore v1.37.1/go.mod h1:wpRg+wrL4ZQU2i2eWBLQDkGQFCes/PHVqlxecFPthGo=
github.com/aws/aws-sdk-go-v2/service/bedrockagentruntime v1.55.5 h1:SEFyNf+dbWschKQEV2tCVF5oBHyHp7vI6m7Obb0+Dwo=
github.com/aws/aws-sdk-go-v2/service/bedrockagentruntime v1.55.5/go.mod h1:zAuzzPNlBbFpHXRae80egUniz7F6ZwPMorf48DxE0WE=
github.com/aws/aws-sdk-go-v2/service/bedrockruntime v1.57.2 h1:q3u+if7BAAXdUZ2SCD6bR1mFdIz2nn+WveGm9080FQM=
github.com/aws/aws-sdk-go-v2/service/bedrockruntime v1.57.2/go.mod h1:CaE74oIQ767C4mLM5CuaFUKD9K5WmO8f/G/o4Vfux9o=
github.com/aws/aws-sdk-go-v2/service/internal/accept-encoding v1.13.16 h1:iE4NGbvqUZnHDqddQAauZzCILYtFjOHwRM5MOOKLB5A=
github.com/aws/aws-sdk-go-v2/service/internal/accept-encoding v1.13.16/go.mod h1:VsjEgrP+ibcou8TlWA4tYaB+0OojuhirsmCe+U60hTA=
github.com/aws/aws-sdk-go-v2/service/internal/presigned-url v1.13.36 h1:fx2ujmozWn+C/GtfXfz5k6Ckzza40ElOpIW7d92fLWQ=
github.com/aws/aws-sdk-go-v2/service/internal/presigned-url v1.13.36/go.mod h1:QT2ufGVJ+xTRxtXPHTQ1kHkAdWIKPCmD+BqYAXWv8/4=
github.com/aws/aws-sdk-go-v2/service/signin v1.5.5 h1:0VTFBfOgPJrUSpGMgzoi8qLcXF5dbmiBuxpo14eBWUw=
github.com/aws/aws-sdk-go-v2/service/signin v1.5.5/go.mod h1:sNZYlBxoohYMBYl47BO/bFtAM6I8HSsPa1qwwPPRGoQ=
github.com/aws/aws-sdk-go-v2/service/sso v1.33.5 h1:jDQARFp1mJ2PEnllQf01nfFXGfWMJ59e0/HCHUTTZCk=
github.com/aws/aws-sdk-go-v2/service/sso v1.33.5/go.mod h1:OcT2AhgTuxGAwZk5hgxaNLGpS33W8s8dUQadGVDVY9I=
github.com/aws/aws-sdk-go-v2/service/ssooidc v1.38.5 h1:8xo1q9ttkYqMJ6vOXX67FPSpVEI7BWKVTKh77g82w+8=
github.com/aws/aws-sdk-go-v2/service/ssooidc v1.38.5/go.mod h1:hbBeEUrZg6VddXYZpbKPyF0tl4XEnM+Dbx92RW3vmZI=
github.com/aws/aws-sdk-go-v2/service/sts v1.45.5 h1:eQ5BtXDrPg2wK0AjtVPzeBhUpYPeqHE/ptiH7xJRGek=
github.com/aws/aws-sdk-go-v2/service/sts v1.45.5/go.mod h1:f9ImhnOISY7BuTZLM8qHepCYnglHBVLk5wVzatmP++w=
github.com/aws/smithy-go v1.27.7 h1:Zgj5z4LfcDYoQIVk+n/yGdTkP/2y6ZT5vYxe0fp7bqE=
github.com/aws/smithy-go v1.27.7/go.mod h1:YE2RhdIuDbA5E5bTdciG9KrW3+TiEONeUWCqxX9i1Fc=
github.com/dustin/go-humanize v1.0.1 h1:GzkhY7T5VNhEkwH0PVJgjz+fX1rhBrR7pRT3mDkpeCY=
github.com/dustin/go-humanize v1.0.1/go.mod h1:Mu1zIs6XwVuF/gI1OepvI0qD18qycQx+mFykh5fBlto=
github.com/google/pprof v0.0.0-20260802141513-ef3492d7dac3 h1:LMLX+LgTNWpfvCBdFebv6EsYotImrt/Ppc5cXIriCSo=
github.com/google/pprof v0.0.0-20260802141513-ef3492d7dac3/go.mod h1:jl5iWTm0/hd5PjEYEOuwAJ57L/CibdZfrqZ5XA5GrCk=
github.com/google/uuid v1.6.0 h1:NIvaJDMOsjHA8n1jAhLSgzrAzy1Hgr+hNrb57e+94F0=
github.com/google/uuid v1.6.0/go.mod h1:TIyPZe4MgqvfeYDBFedMoGGpEw/LqOeaOT+nhxU+yHo=
github.com/hashicorp/golang-lru/v2 v2.0.7 h1:a+bsQ5rvGLjzHuww6tVxozPZFVghXaHOwFs4luLUK2k=
github.com/hashicorp/golang-lru/v2 v2.0.7/go.mod h1:QeFd9opnmA6QUJc5vARoKUSoFhyfM2/ZepoAG6RGpeM=
github.com/mattn/go-isatty v0.0.24 h1:tGZZoVgT/KiqK1c8ocVLeDS8BSWMRd47J3Lbz7vsReI=
github.com/mattn/go-isatty v0.0.24/go.mod h1:nMCL3Zebbrt45jsMDgnfIwz6ydEQApk5oEI3HqDio6A=
github.com/ncruces/go-strftime v1.0.0 h1:HMFp8mLCTPp341M/ZnA4qaf7ZlsbTc+miZjCLOFAw7w=
github.com/ncruces/go-strftime v1.0.0/go.mod h1:Fwc5htZGVVkseilnfgOVb9mKy6w1naJmn9CehxcKcls=
github.com/remyoudompheng/bigfft v0.0.0-20230129092748-24d4a6f8daec h1:W09IVJc94icq4NjY3clb7Lk8O1qJ8BdBEF8z0ibU0rE=
github.com/remyoudompheng/bigfft v0.0.0-20230129092748-24d4a6f8daec/go.mod h1:qqbHyh8v60DhA7CoWK5oRCqLrMHRGoxYCSS9EjAz6Eo=
golang.org/x/mod v0.37.0 h1:vF1DjpVEshcIqoEaauuHebaLk1O1forxjxBaVn884JQ=
golang.org/x/mod v0.37.0/go.mod h1:m8S8VeM9r4dzDwjrKO0a1sZP3YjeMamRRlD+fmR2Q/0=
golang.org/x/sync v0.21.0 h1:HLII4xRRTtCRkxYp4HNFF0Js/Og6q2i++KXbg0gHCwM=
golang.org/x/sync v0.21.0/go.mod h1:9xrNwdLfx4jkKbNva9FpL6vEN7evnE43NNNJQ2LF3+0=
golang.org/x/sys v0.47.0 h1:o7XGOvZQCADBQQ4Y7VNq2dRWQR7JmOUW8Kxx4ZsNgWs=
golang.org/x/sys v0.47.0/go.mod h1:4GL1E5IUh+htKOUEOaiffhrAeqysfVGipDYzABqnCmw=
golang.org/x/tools v0.47.0 h1:7Kn5x/d1svx/PzryTsqeoZN4TZwqeH5pGWjefhLi/1Q=
golang.org/x/tools v0.47.0/go.mod h1:dFHnyTvFWY212G+h7ZY4Vsp/K3U4/7W9TyVaAul8uCA=
modernc.org/cc/v4 v4.29.1 h1:MKgdCV3WykTSPqpVrnxdEDS0HEd2FHpKZDzxzU5LyeI=
modernc.org/cc/v4 v4.29.1/go.mod h1:OnovgIhbbMXMu1aISnJ0wvVD1KnW+cAUJkIrAWh+kVI=
modernc.org/ccgo/v4 v4.34.6 h1:sBgfIwyN0TQ9C5hwIeuqyeAKyMWnbvj2fvpF4L11uzU=
modernc.org/ccgo/v4 v4.34.6/go.mod h1:SZ8YcN9NG7XVsQYdm6jYBvi8PQP1qi+kqB6OhjqI3Fk=
modernc.org/fileutil v1.4.0 h1:j6ZzNTftVS054gi281TyLjHPp6CPHr2KCxEXjEbD6SM=
modernc.org/fileutil v1.4.0/go.mod h1:EqdKFDxiByqxLk8ozOxObDSfcVOv/54xDs/DUHdvCUU=
modernc.org/gc/v2 v2.6.5 h1:nyqdV8q46KvTpZlsw66kWqwXRHdjIlJOhG6kxiV/9xI=
modernc.org/gc/v2 v2.6.5/go.mod h1:YgIahr1ypgfe7chRuJi2gD7DBQiKSLMPgBQe9oIiito=
modernc.org/gc/v3 v3.1.4 h1:2g65LGVSmFQrXeITAw97x7hCRvZFcyE1uDP+7Vng7JI=
modernc.org/gc/v3 v3.1.4/go.mod h1:HFK/6AGESC7Ex+EZJhJ2Gni6cTaYpSMmU/cT9RmlfYY=
modernc.org/goabi0 v0.2.0 h1:HvEowk7LxcPd0eq6mVOAEMai46V+i7Jrj13t4AzuNks=
modernc.org/goabi0 v0.2.0/go.mod h1:CEFRnnJhKvWT1c1JTI3Avm+tgOWbkOu5oPA8eH8LnMI=
modernc.org/libc v1.74.4 h1:fX1Omw4o2/1C2iRkkIsrQTasJQldLhRmuPreXLoWs9k=
modernc.org/libc v1.74.4/go.mod h1:eeQAS9W3sZeKYMFubydxJpII9ybHWshk+7or7bLG9co=
modernc.org/mathutil v1.7.1 h1:GCZVGXdaN8gTqB1Mf/usp1Y/hSqgI2vAGGP4jZMCxOU=
modernc.org/mathutil v1.7.1/go.mod h1:4p5IwJITfppl0G4sUEDtCr4DthTaT47/N3aT6MhfgJg=
modernc.org/memory v1.11.0 h1:o4QC8aMQzmcwCK3t3Ux/ZHmwFPzE6hf2Y5LbkRs+hbI=
modernc.org/memory v1.11.0/go.mod h1:/JP4VbVC+K5sU2wZi9bHoq2MAkCnrt2r98UGeSK7Mjw=
modernc.org/opt v0.2.0 h1:tGyef5ApycA7FSEOMraay9SaTk5zmbx7Tu+cJs4QKZg=
modernc.org/opt v0.2.0/go.mod h1:03fq9lsNfvkYSfxrfUhZCWPk1lm4cq4N+Bh//bEtgns=
modernc.org/sortutil v1.2.1 h1:+xyoGf15mM3NMlPDnFqrteY07klSFxLElE2PVuWIJ7w=
modernc.org/sortutil v1.2.1/go.mod h1:7ZI3a3REbai7gzCLcotuw9AC4VZVpYMjDzETGsSMqJE=
modernc.org/sqlite v1.56.0 h1:/D8e2RfFqoy/Zc6PuC76U28zFwmI/sYx1Kjm4yEn9e0=
modernc.org/sqlite v1.56.0/go.mod h1:yCJ2cmAaIkHQ25oXWrF8H4O1lIfPYPR26yCEDj2P3pQ=
modernc.org/strutil v1.2.1 h1:UneZBkQA+DX2Rp35KcM69cSsNES9ly8mQWD71HKlOA0=
modernc.org/strutil v1.2.1/go.mod h1:EHkiggD70koQxjVdSBM3JKM7k6L0FbGE5eymy9i3B9A=
modernc.org/token v1.1.0 h1:Xl7Ap9dKaEs5kLoOQeQmPWevfnk/DM5qcLcYlA8ys6Y=
modernc.org/token v1.1.0/go.mod h1:UGzOrNV1mAFSEB63lOFHIpNRUVMvYTc6yu1SMY/XTDM=
